{
  "name": "equasions-solver",
  "version": "1.0.0",
  "lockfileVersion": 1,
  "requires": true,
  "dependencies": {
    "algebra.js": {
      "version": "0.2.6",
      "resolved": "https://registry.npmjs.org/algebra.js/-/algebra.js-0.2.6.tgz",
      "integrity": "sha1-I6rMhvhjTkwgbVbIB37yIKYiHHQ="
    },
    "big.js": {
      "version": "6.1.1",
      "resolved": "https://registry.npmjs.org/big.js/-/big.js-6.1.1.tgz",
      "integrity": "sha512-1vObw81a8ylZO5ePrtMay0n018TcftpTA5HFKDaSuiUDBo8biRBtjIobw60OpwuvrGk+FsxKamqN4cnmj/eXdg=="
    },
    "nerdamer": {
      "version": "1.1.12",
      "resolved": "https://registry.npmjs.org/nerdamer/-/nerdamer-1.1.12.tgz",
      "integrity": "sha512-lDVNLu1k0Qf4VpSh7HXRJFylIqTlBTFrtuDabawkac4niqrC/bgyqaz7K8byOdfhSlqYOBivBu2uRFZGYaQgWA=="
    }
  }
}
